// !$*UTF8*$!
{
	archiveVersion = 1;
	classes = {
	};
	objectVersion = 46;
	objects = {

/* Begin PBXBuildFile section */
		7E5A16DB6E1EA1EB5066A51B /* Pods_parkinAppTests.framework in Frameworks */ = {isa = PBXBuildFile; fileRef = A0328888C3FDC11F3F60D92E /* Pods_parkinAppTests.framework */; };
		92BB1FA85E68EF114E7E104A /* Pods_parkinAppUITests.framework in Frameworks */ = {isa = PBXBuildFile; fileRef = E885736F9C6980001EA2D5A5 /* Pods_parkinAppUITests.framework */; };
		C41BFD49651667366438244D /* Pods_parkinApp.framework in Frameworks */ = {isa = PBXBuildFile; fileRef = B192F9C645A114EAB2556FC1 /* Pods_parkinApp.framework */; };
		E1100BAC1DDE847A00B03252 /* HttpClient.swift in Sources */ = {isa = PBXBuildFile; fileRef = E1100BAB1DDE847A00B03252 /* HttpClient.swift */; };
		E1100BAE1DDE95BC00B03252 /* Usuario.swift in Sources */ = {isa = PBXBuildFile; fileRef = E1100BAD1DDE95BC00B03252 /* Usuario.swift */; };
		E16FCA651DDD4F280043C4F8 /* ViewControllerReg.swift in Sources */ = {isa = PBXBuildFile; fileRef = E16FCA641DDD4F270043C4F8 /* ViewControllerReg.swift */; };
		E16FCA671DDD54A60043C4F8 /* ViewControllerMapa.swift in Sources */ = {isa = PBXBuildFile; fileRef = E16FCA661DDD54A60043C4F8 /* ViewControllerMapa.swift */; };
		E1B612F31DE2BC7800CFDAC1 /* ViewControllerCalif.swift in Sources */ = {isa = PBXBuildFile; fileRef = E1B612F21DE2BC7800CFDAC1 /* ViewControllerCalif.swift */; };
		E1B612F51DE2C56D00CFDAC1 /* ViewControllerTableViewCell.swift in Sources */ = {isa = PBXBuildFile; fileRef = E1B612F41DE2C56D00CFDAC1 /* ViewControllerTableViewCell.swift */; };
		E1C536481DDF616300345900 /* SQLite.framework in Frameworks */ = {isa = PBXBuildFile; fileRef = E1C536471DDF616300345900 /* SQLite.framework */; };
		E1C5364A1DDF7F9800345900 /* UsuarioDAO.swift in Sources */ = {isa = PBXBuildFile; fileRef = E1C536491DDF7F9800345900 /* UsuarioDAO.swift */; };
		E1F27A851DDA6FEF002E3C4B /* AppDelegate.swift in Sources */ = {isa = PBXBuildFile; fileRef = E1F27A841DDA6FEF002E3C4B /* AppDelegate.swift */; };
		E1F27A871DDA6FEF002E3C4B /* ViewController.swift in Sources */ = {isa = PBXBuildFile; fileRef = E1F27A861DDA6FEF002E3C4B /* ViewController.swift */; };
		E1F27A8A1DDA6FEF002E3C4B /* Main.storyboard in Resources */ = {isa = PBXBuildFile; fileRef = E1F27A881DDA6FEF002E3C4B /* Main.storyboard */; };
		E1F27A8C1DDA6FEF002E3C4B /* Assets.xcassets in Resources */ = {isa = PBXBuildFile; fileRef = E1F27A8B1DDA6FEF002E3C4B /* Assets.xcassets */; };
		E1F27A8F1DDA6FEF002E3C4B /* LaunchScreen.storyboard in Resources */ = {isa = PBXBuildFile; fileRef = E1F27A8D1DDA6FEF002E3C4B /* LaunchScreen.storyboard */; };
		E1F27A9A1DDA6FEF002E3C4B /* parkinAppTests.swift in Sources */ = {isa = PBXBuildFile; fileRef = E1F27A991DDA6FEF002E3C4B /* parkinAppTests.swift */; };
		E1F27AA51DDA6FEF002E3C4B /* parkinAppUITests.swift in Sources */ = {isa = PBXBuildFile; fileRef = E1F27AA41DDA6FEF002E3C4B /* parkinAppUITests.swift */; };
		E1F27AB31DDA71CB002E3C4B /* Catedral-Basílica-de-Nuestra-Señora-de-la-Asunción-de-Popayán-Colombia-1.jpg in Resources */ = {isa = PBXBuildFile; fileRef = E1F27AB21DDA71CB002E3C4B /* Catedral-Basílica-de-Nuestra-Señora-de-la-Asunción-de-Popayán-Colombia-1.jpg */; };
		E1F27AB51DDA7334002E3C4B /* 14611071_1268717246485254_831068506993488337_n.jpg in Resources */ = {isa = PBXBuildFile; fileRef = E1F27AB41DDA7334002E3C4B /* 14611071_1268717246485254_831068506993488337_n.jpg */; };
		E1F27AB71DDA8AAA002E3C4B /* tic.gif in Resources */ = {isa = PBXBuildFile; fileRef = E1F27AB61DDA8AAA002E3C4B /* tic.gif */; };
		E1F27AC61DDACA45002E3C4B /* Entypo_2605(1)_48.png in Resources */ = {isa = PBXBuildFile; fileRef = E1F27AC21DDACA45002E3C4B /* Entypo_2605(1)_48.png */; };
		E1F27AC71DDACA45002E3C4B /* Entypo_d83d(0)_48.png in Resources */ = {isa = PBXBuildFile; fileRef = E1F27AC31DDACA45002E3C4B /* Entypo_d83d(0)_48.png */; };
		E1F27AC81DDACA45002E3C4B /* Entypo_d83d(1)_48.png in Resources */ = {isa = PBXBuildFile; fileRef = E1F27AC41DDACA45002E3C4B /* Entypo_d83d(1)_48.png */; };
		E1F27AC91DDACA45002E3C4B /* Entypo_e728(0)_48.png in Resources */ = {isa = PBXBuildFile; fileRef = E1F27AC51DDACA45002E3C4B /* Entypo_e728(0)_48.png */; };
/* End PBXBuildFile section */

/* Begin PBXContainerItemProxy section */
		E1F27A961DDA6FEF002E3C4B /* PBXContainerItemProxy */ = {
			isa = PBXContainerItemProxy;
			containerPortal = E1F27A791DDA6FEF002E3C4B /* Project object */;
			proxyType = 1;
			remoteGlobalIDString = E1F27A801DDA6FEF002E3C4B;
			remoteInfo = parkinApp;
		};
		E1F27AA11DDA6FEF002E3C4B /* PBXContainerItemProxy */ = {
			isa = PBXContainerItemProxy;
			containerPortal = E1F27A791DDA6FEF002E3C4B /* Project object */;
			proxyType = 1;
			remoteGlobalIDString = E1F27A801DDA6FEF002E3C4B;
			remoteInfo = parkinApp;
		};
/* End PBXContainerItemProxy section */

/* Begin PBXFileReference section */
		2A2BBA9DB9230BC2A5018BAC /* Pods-parkinAppTests.debug.xcconfig */ = {isa = PBXFileReference; includeInIndex = 1; lastKnownFileType = text.xcconfig; name = "Pods-parkinAppTests.debug.xcconfig"; path = "Pods/Target Support Files/Pods-parkinAppTests/Pods-parkinAppTests.debug.xcconfig"; sourceTree = "<group>"; };
		32B7D3E0D6DEC11C697596B5 /* Pods-parkinAppUITests.debug.xcconfig */ = {isa = PBXFileReference; includeInIndex = 1; lastKnownFileType = text.xcconfig; name = "Pods-parkinAppUITests.debug.xcconfig"; path = "Pods/Target Support Files/Pods-parkinAppUITests/Pods-parkinAppUITests.debug.xcconfig"; sourceTree = "<group>"; };
		69561B4AC42A0045B6E6E90C /* Pods-parkinApp.release.xcconfig */ = {isa = PBXFileReference; includeInIndex = 1; lastKnownFileType = text.xcconfig; name = "Pods-parkinApp.release.xcconfig"; path = "Pods/Target Support Files/Pods-parkinApp/Pods-parkinApp.release.xcconfig"; sourceTree = "<group>"; };
		86E6FE005D476CCB94266803 /* Pods-parkinAppTests.release.xcconfig */ = {isa = PBXFileReference; includeInIndex = 1; lastKnownFileType = text.xcconfig; name = "Pods-parkinAppTests.release.xcconfig"; path = "Pods/Target Support Files/Pods-parkinAppTests/Pods-parkinAppTests.release.xcconfig"; sourceTree = "<group>"; };
		A0328888C3FDC11F3F60D92E /* Pods_parkinAppTests.framework */ = {isa = PBXFileReference; explicitFileType = wrapper.framework; includeInIndex = 0; path = Pods_parkinAppTests.framework; sourceTree = BUILT_PRODUCTS_DIR; };
		B192F9C645A114EAB2556FC1 /* Pods_parkinApp.framework */ = {isa = PBXFileReference; explicitFileType = wrapper.framework; includeInIndex = 0; path = Pods_parkinApp.framework; sourceTree = BUILT_PRODUCTS_DIR; };
		D38214D227DBBAA20F8110D0 /* Pods-parkinApp.debug.xcconfig */ = {isa = PBXFileReference; includeInIndex = 1; lastKnownFileType = text.xcconfig; name = "Pods-parkinApp.debug.xcconfig"; path = "Pods/Target Support Files/Pods-parkinApp/Pods-parkinApp.debug.xcconfig"; sourceTree = "<group>"; };
		E1100BAB1DDE847A00B03252 /* HttpClient.swift */ = {isa = PBXFileReference; fileEncoding = 4; lastKnownFileType = sourcecode.swift; path = HttpClient.swift; sourceTree = "<group>"; };
		E1100BAD1DDE95BC00B03252 /* Usuario.swift */ = {isa = PBXFileReference; fileEncoding = 4; lastKnownFileType = sourcecode.swift; path = Usuario.swift; sourceTree = "<group>"; };
		E16FCA641DDD4F270043C4F8 /* ViewControllerReg.swift */ = {isa = PBXFileReference; fileEncoding = 4; lastKnownFileType = sourcecode.swift; path = ViewControllerReg.swift; sourceTree = "<group>"; };
		E16FCA661DDD54A60043C4F8 /* ViewControllerMapa.swift */ = {isa = PBXFileReference; fileEncoding = 4; lastKnownFileType = sourcecode.swift; path = ViewControllerMapa.swift; sourceTree = "<group>"; };
		E1B612F21DE2BC7800CFDAC1 /* ViewControllerCalif.swift */ = {isa = PBXFileReference; fileEncoding = 4; lastKnownFileType = sourcecode.swift; path = ViewControllerCalif.swift; sourceTree = "<group>"; };
		E1B612F41DE2C56D00CFDAC1 /* ViewControllerTableViewCell.swift */ = {isa = PBXFileReference; fileEncoding = 4; lastKnownFileType = sourcecode.swift; path = ViewControllerTableViewCell.swift; sourceTree = "<group>"; };
		E1C536471DDF616300345900 /* SQLite.framework */ = {isa = PBXFileReference; lastKnownFileType = wrapper.framework; name = SQLite.framework; path = "SQLite.swift/build/Debug-iphoneos/SQLite.framework"; sourceTree = "<group>"; };
		E1C536491DDF7F9800345900 /* UsuarioDAO.swift */ = {isa = PBXFileReference; fileEncoding = 4; lastKnownFileType = sourcecode.swift; path = UsuarioDAO.swift; sourceTree = "<group>"; };
		E1F27A811DDA6FEF002E3C4B /* parkinApp.app */ = {isa = PBXFileReference; explicitFileType = wrapper.application; includeInIndex = 0; path = parkinApp.app; sourceTree = BUILT_PRODUCTS_DIR; };
		E1F27A841DDA6FEF002E3C4B /* AppDelegate.swift */ = {isa = PBXFileReference; lastKnownFileType = sourcecode.swift; path = AppDelegate.swift; sourceTree = "<group>"; };
		E1F27A861DDA6FEF002E3C4B /* ViewController.swift */ = {isa = PBXFileReference; lastKnownFileType = sourcecode.swift; path = ViewController.swift; sourceTree = "<group>"; };
		E1F27A891DDA6FEF002E3C4B /* Base */ = {isa = PBXFileReference; lastKnownFileType = file.storyboard; name = Base; path = Base.lproj/Main.storyboard; sourceTree = "<group>"; };
		E1F27A8B1DDA6FEF002E3C4B /* Assets.xcassets */ = {isa = PBXFileReference; lastKnownFileType = folder.assetcatalog; path = Assets.xcassets; sourceTree = "<group>"; };
		E1F27A8E1DDA6FEF002E3C4B /* Base */ = {isa = PBXFileReference; lastKnownFileType = file.storyboard; name = Base; path = Base.lproj/LaunchScreen.storyboard; sourceTree = "<group>"; };
		E1F27A901DDA6FEF002E3C4B /* Info.plist */ = {isa = PBXFileReference; lastKnownFileType = text.plist.xml; path = Info.plist; sourceTree = "<group>"; };
		E1F27A951DDA6FEF002E3C4B /* parkinAppTests.xctest */ = {isa = PBXFileReference; explicitFileType = wrapper.cfbundle; includeInIndex = 0; path = parkinAppTests.xctest; sourceTree = BUILT_PRODUCTS_DIR; };
		E1F27A991DDA6FEF002E3C4B /* parkinAppTests.swift */ = {isa = PBXFileReference; lastKnownFileType = sourcecode.swift; path = parkinAppTests.swift; sourceTree = "<group>"; };
		E1F27A9B1DDA6FEF002E3C4B /* Info.plist */ = {isa = PBXFileReference; lastKnownFileType = text.plist.xml; path = Info.plist; sourceTree = "<group>"; };
		E1F27AA01DDA6FEF002E3C4B /* parkinAppUITests.xctest */ = {isa = PBXFileReference; explicitFileType = wrapper.cfbundle; includeInIndex = 0; path = parkinAppUITests.xctest; sourceTree = BUILT_PRODUCTS_DIR; };
		E1F27AA41DDA6FEF002E3C4B /* parkinAppUITests.swift */ = {isa = PBXFileReference; lastKnownFileType = sourcecode.swift; path = parkinAppUITests.swift; sourceTree = "<group>"; };
		E1F27AA61DDA6FEF002E3C4B /* Info.plist */ = {isa = PBXFileReference; lastKnownFileType = text.plist.xml; path = Info.plist; sourceTree = "<group>"; };
		E1F27AB21DDA71CB002E3C4B /* Catedral-Basílica-de-Nuestra-Señora-de-la-Asunción-de-Popayán-Colombia-1.jpg */ = {isa = PBXFileReference; lastKnownFileType = image.jpeg; path = "Catedral-Basílica-de-Nuestra-Señora-de-la-Asunción-de-Popayán-Colombia-1.jpg"; sourceTree = "<group>"; };
		E1F27AB41DDA7334002E3C4B /* 14611071_1268717246485254_831068506993488337_n.jpg */ = {isa = PBXFileReference; lastKnownFileType = image.jpeg; path = 14611071_1268717246485254_831068506993488337_n.jpg; sourceTree = "<group>"; };
		E1F27AB61DDA8AAA002E3C4B /* tic.gif */ = {isa = PBXFileReference; lastKnownFileType = image.gif; path = tic.gif; sourceTree = "<group>"; };
		E1F27AC21DDACA45002E3C4B /* Entypo_2605(1)_48.png */ = {isa = PBXFileReference; lastKnownFileType = image.png; path = "Entypo_2605(1)_48.png"; sourceTree = "<group>"; };
		E1F27AC31DDACA45002E3C4B /* Entypo_d83d(0)_48.png */ = {isa = PBXFileReference; lastKnownFileType = image.png; path = "Entypo_d83d(0)_48.png"; sourceTree = "<group>"; };
		E1F27AC41DDACA45002E3C4B /* Entypo_d83d(1)_48.png */ = {isa = PBXFileReference; lastKnownFileType = image.png; path = "Entypo_d83d(1)_48.png"; sourceTree = "<group>"; };
		E1F27AC51DDACA45002E3C4B /* Entypo_e728(0)_48.png */ = {isa = PBXFileReference; lastKnownFileType = image.png; path = "Entypo_e728(0)_48.png"; sourceTree = "<group>"; };
		E885736F9C6980001EA2D5A5 /* Pods_parkinAppUITests.framework */ = {isa = PBXFileReference; explicitFileType = wrapper.framework; includeInIndex = 0; path = Pods_parkinAppUITests.framework; sourceTree = BUILT_PRODUCTS_DIR; };
		EFF25A01B552234F03C22D2C /* Pods-parkinAppUITests.release.xcconfig */ = {isa = PBXFileReference; includeInIndex = 1; lastKnownFileType = text.xcconfig; name = "Pods-parkinAppUITests.release.xcconfig"; path = "Pods/Target Support Files/Pods-parkinAppUITests/Pods-parkinAppUITests.release.xcconfig"; sourceTree = "<group>"; };
/* End PBXFileReference section */

/* Begin PBXFrameworksBuildPhase section */
		E1F27A7E1DDA6FEF002E3C4B /* Frameworks */ = {
			isa = PBXFrameworksBuildPhase;
			buildActionMask = 2147483647;
			files = (
				E1C536481DDF616300345900 /* SQLite.framework in Frameworks */,
				C41BFD49651667366438244D /* Pods_parkinApp.framework in Frameworks */,
			);
			runOnlyForDeploymentPostprocessing = 0;
		};
		E1F27A921DDA6FEF002E3C4B /* Frameworks */ = {
			isa = PBXFrameworksBuildPhase;
			buildActionMask = 2147483647;
			files = (
				7E5A16DB6E1EA1EB5066A51B /* Pods_parkinAppTests.framework in Frameworks */,
			);
			runOnlyForDeploymentPostprocessing = 0;
		};
		E1F27A9D1DDA6FEF002E3C4B /* Frameworks */ = {
			isa = PBXFrameworksBuildPhase;
			buildActionMask = 2147483647;
			files = (
				92BB1FA85E68EF114E7E104A /* Pods_parkinAppUITests.framework in Frameworks */,
			);
			runOnlyForDeploymentPostprocessing = 0;
		};
/* End PBXFrameworksBuildPhase section */

/* Begin PBXGroup section */
		59EF34536D09195151430146 /* Frameworks */ = {
			isa = PBXGroup;
			children = (
				E1C536471DDF616300345900 /* SQLite.framework */,
				B192F9C645A114EAB2556FC1 /* Pods_parkinApp.framework */,
				A0328888C3FDC11F3F60D92E /* Pods_parkinAppTests.framework */,
				E885736F9C6980001EA2D5A5 /* Pods_parkinAppUITests.framework */,
			);
			name = Frameworks;
			sourceTree = "<group>";
		};
		73751B7E0E5571F3B972C62E /* Pods */ = {
			isa = PBXGroup;
			children = (
				D38214D227DBBAA20F8110D0 /* Pods-parkinApp.debug.xcconfig */,
				69561B4AC42A0045B6E6E90C /* Pods-parkinApp.release.xcconfig */,
				2A2BBA9DB9230BC2A5018BAC /* Pods-parkinAppTests.debug.xcconfig */,
				86E6FE005D476CCB94266803 /* Pods-parkinAppTests.release.xcconfig */,
				32B7D3E0D6DEC11C697596B5 /* Pods-parkinAppUITests.debug.xcconfig */,
				EFF25A01B552234F03C22D2C /* Pods-parkinAppUITests.release.xcconfig */,
			);
			name = Pods;
			sourceTree = "<group>";
		};
		E1F27A781DDA6FEF002E3C4B = {
			isa = PBXGroup;
			children = (
				E1F27A831DDA6FEF002E3C4B /* parkinApp */,
				E1F27A981DDA6FEF002E3C4B /* parkinAppTests */,
				E1F27AA31DDA6FEF002E3C4B /* parkinAppUITests */,
				E1F27A821DDA6FEF002E3C4B /* Products */,
				73751B7E0E5571F3B972C62E /* Pods */,
				59EF34536D09195151430146 /* Frameworks */,
			);
			sourceTree = "<group>";
		};
		E1F27A821DDA6FEF002E3C4B /* Products */ = {
			isa = PBXGroup;
			children = (
				E1F27A811DDA6FEF002E3C4B /* parkinApp.app */,
				E1F27A951DDA6FEF002E3C4B /* parkinAppTests.xctest */,
				E1F27AA01DDA6FEF002E3C4B /* parkinAppUITests.xctest */,
			);
			name = Products;
			sourceTree = "<group>";
		};
		E1F27A831DDA6FEF002E3C4B /* parkinApp */ = {
			isa = PBXGroup;
			children = (
				E1F27AC21DDACA45002E3C4B /* Entypo_2605(1)_48.png */,
				E1F27AC31DDACA45002E3C4B /* Entypo_d83d(0)_48.png */,
				E1F27AC41DDACA45002E3C4B /* Entypo_d83d(1)_48.png */,
				E1F27AC51DDACA45002E3C4B /* Entypo_e728(0)_48.png */,
				E1F27AB61DDA8AAA002E3C4B /* tic.gif */,
				E1F27AB21DDA71CB002E3C4B /* Catedral-Basílica-de-Nuestra-Señora-de-la-Asunción-de-Popayán-Colombia-1.jpg */,
				E1F27AB41DDA7334002E3C4B /* 14611071_1268717246485254_831068506993488337_n.jpg */,
				E1F27A841DDA6FEF002E3C4B /* AppDelegate.swift */,
				E1F27A861DDA6FEF002E3C4B /* ViewController.swift */,
				E1F27A881DDA6FEF002E3C4B /* Main.storyboard */,
				E1F27A8B1DDA6FEF002E3C4B /* Assets.xcassets */,
				E1F27A8D1DDA6FEF002E3C4B /* LaunchScreen.storyboard */,
				E1F27A901DDA6FEF002E3C4B /* Info.plist */,
				E16FCA641DDD4F270043C4F8 /* ViewControllerReg.swift */,
				E16FCA661DDD54A60043C4F8 /* ViewControllerMapa.swift */,
				E1100BAB1DDE847A00B03252 /* HttpClient.swift */,
				E1100BAD1DDE95BC00B03252 /* Usuario.swift */,
				E1C536491DDF7F9800345900 /* UsuarioDAO.swift */,
				E1B612F21DE2BC7800CFDAC1 /* ViewControllerCalif.swift */,
				E1B612F41DE2C56D00CFDAC1 /* ViewControllerTableViewCell.swift */,
			);
			path = parkinApp;
			sourceTree = "<group>";
		};
		E1F27A981DDA6FEF002E3C4B /* parkinAppTests */ = {
			isa = PBXGroup;
			children = (
				E1F27A991DDA6FEF002E3C4B /* parkinAppTests.swift */,
				E1F27A9B1DDA6FEF002E3C4B /* Info.plist */,
			);
			path = parkinAppTests;
			sourceTree = "<group>";
		};
		E1F27AA31DDA6FEF002E3C4B /* parkinAppUITests */ = {
			isa = PBXGroup;
			children = (
				E1F27AA41DDA6FEF002E3C4B /* parkinAppUITests.swift */,
				E1F27AA61DDA6FEF002E3C4B /* Info.plist */,
			);
			path = parkinAppUITests;
			sourceTree = "<group>";
		};
/* End PBXGroup section */

/* Begin PBXNativeTarget section */
		E1F27A801DDA6FEF002E3C4B /* parkinApp */ = {
			isa = PBXNativeTarget;
			buildConfigurationList = E1F27AA91DDA6FEF002E3C4B /* Build configuration list for PBXNativeTarget "parkinApp" */;
			buildPhases = (
				E6A4E36D0CA8640F3EAA7A40 /* [CP] Check Pods Manifest.lock */,
				E1F27A7D1DDA6FEF002E3C4B /* Sources */,
				E1F27A7E1DDA6FEF002E3C4B /* Frameworks */,
				E1F27A7F1DDA6FEF002E3C4B /* Resources */,
				1F5F16E719A58B10F60E67D0 /* [CP] Embed Pods Frameworks */,
				AF213C9CE8AEB40EDCD3F979 /* [CP] Copy Pods Resources */,
			);
			buildRules = (
			);
			dependencies = (
			);
			name = parkinApp;
			productName = parkinApp;
			productReference = E1F27A811DDA6FEF002E3C4B /* parkinApp.app */;
			productType = "com.apple.product-type.application";
		};
		E1F27A941DDA6FEF002E3C4B /* parkinAppTests */ = {
			isa = PBXNativeTarget;
			buildConfigurationList = E1F27AAC1DDA6FEF002E3C4B /* Build configuration list for PBXNativeTarget "parkinAppTests" */;
			buildPhases = (
				4F1996F9E48A0718A3618F2F /* [CP] Check Pods Manifest.lock */,
				E1F27A911DDA6FEF002E3C4B /* Sources */,
				E1F27A921DDA6FEF002E3C4B /* Frameworks */,
				E1F27A931DDA6FEF002E3C4B /* Resources */,
				590C470B711E23E15B8BB713 /* [CP] Embed Pods Frameworks */,
				854ADFA6ED46D26A0782B2E5 /* [CP] Copy Pods Resources */,
			);
			buildRules = (
			);
			dependencies = (
				E1F27A971DDA6FEF002E3C4B /* PBXTargetDependency */,
			);
			name = parkinAppTests;
			productName = parkinAppTests;
			productReference = E1F27A951DDA6FEF002E3C4B /* parkinAppTests.xctest */;
			productType = "com.apple.product-type.bundle.unit-test";
		};
		E1F27A9F1DDA6FEF002E3C4B /* parkinAppUITests */ = {
			isa = PBXNativeTarget;
			buildConfigurationList = E1F27AAF1DDA6FEF002E3C4B /* Build configuration list for PBXNativeTarget "parkinAppUITests" */;
			buildPhases = (
				8C229EB762265F83525B8E7D /* [CP] Check Pods Manifest.lock */,
				E1F27A9C1DDA6FEF002E3C4B /* Sources */,
				E1F27A9D1DDA6FEF002E3C4B /* Frameworks */,
				E1F27A9E1DDA6FEF002E3C4B /* Resources */,
				D7BEA2E9567EC48B61DD6AB9 /* [CP] Embed Pods Frameworks */,
				06B52B99B10032AF4C2887A7 /* [CP] Copy Pods Resources */,
			);
			buildRules = (
			);
			dependencies = (
				E1F27AA21DDA6FEF002E3C4B /* PBXTargetDependency */,
			);
			name = parkinAppUITests;
			productName = parkinAppUITests;
			productReference = E1F27AA01DDA6FEF002E3C4B /* parkinAppUITests.xctest */;
			productType = "com.apple.product-type.bundle.ui-testing";
		};
/* End PBXNativeTarget section */

/* Begin PBXProject section */
		E1F27A791DDA6FEF002E3C4B /* Project object */ = {
			isa = PBXProject;
			attributes = {
				LastSwiftUpdateCheck = 0810;
				LastUpgradeCheck = 0810;
				ORGANIZATIONNAME = "movil unicauca";
				TargetAttributes = {
					E1F27A801DDA6FEF002E3C4B = {
						CreatedOnToolsVersion = 8.1;
						ProvisioningStyle = Automatic;
					};
					E1F27A941DDA6FEF002E3C4B = {
						CreatedOnToolsVersion = 8.1;
						ProvisioningStyle = Automatic;
						TestTargetID = E1F27A801DDA6FEF002E3C4B;
					};
					E1F27A9F1DDA6FEF002E3C4B = {
						CreatedOnToolsVersion = 8.1;
						ProvisioningStyle = Automatic;
						TestTargetID = E1F27A801DDA6FEF002E3C4B;
					};
				};
			};
			buildConfigurationList = E1F27A7C1DDA6FEF002E3C4B /* Build configuration list for PBXProject "parkinApp" */;
			compatibilityVersion = "Xcode 3.2";
			developmentRegion = English;
			hasScannedForEncodings = 0;
			knownRegions = (
				en,
				Base,
			);
			mainGroup = E1F27A781DDA6FEF002E3C4B;
			productRefGroup = E1F27A821DDA6FEF002E3C4B /* Products */;
			projectDirPath = "";
			projectRoot = "";
			targets = (
				E1F27A801DDA6FEF002E3C4B /* parkinApp */,
				E1F27A941DDA6FEF002E3C4B /* parkinAppTests */,
				E1F27A9F1DDA6FEF002E3C4B /* parkinAppUITests */,
			);
		};
/* End PBXProject section */

/* Begin PBXResourcesBuildPhase section */
		E1F27A7F1DDA6FEF002E3C4B /* Resources */ = {
			isa = PBXResourcesBuildPhase;
			buildActionMask = 2147483647;
			files = (
				E1F27A8F1DDA6FEF002E3C4B /* LaunchScreen.storyboard in Resources */,
				E1F27AB31DDA71CB002E3C4B /* Catedral-Basílica-de-Nuestra-Señora-de-la-Asunción-de-Popayán-Colombia-1.jpg in Resources */,
				E1F27AC91DDACA45002E3C4B /* Entypo_e728(0)_48.png in Resources */,
				E1F27AC61DDACA45002E3C4B /* Entypo_2605(1)_48.png in Resources */,
				E1F27AB51DDA7334002E3C4B /* 14611071_1268717246485254_831068506993488337_n.jpg in Resources */,
				E1F27AB71DDA8AAA002E3C4B /* tic.gif in Resources */,
				E1F27AC81DDACA45002E3C4B /* Entypo_d83d(1)_48.png in Resources */,
				E1F27AC71DDACA45002E3C4B /* Entypo_d83d(0)_48.png in Resources */,
				E1F27A8C1DDA6FEF002E3C4B /* Assets.xcassets in Resources */,
				E1F27A8A1DDA6FEF002E3C4B /* Main.storyboard in Resources */,
			);
			runOnlyForDeploymentPostprocessing = 0;
		};
		E1F27A931DDA6FEF002E3C4B /* Resources */ = {
			isa = PBXResourcesBuildPhase;
			buildActionMask = 2147483647;
			files = (
			);
			runOnlyForDeploymentPostprocessing = 0;
		};
		E1F27A9E1DDA6FEF002E3C4B /* Resources */ = {
			isa = PBXResourcesBuildPhase;
			buildActionMask = 2147483647;
			files = (
			);
			runOnlyForDeploymentPostprocessing = 0;
		};
/* End PBXResourcesBuildPhase section */

/* Begin PBXShellScriptBuildPhase section */
		06B52B99B10032AF4C2887A7 /* [CP] Copy Pods Resources */ = {
			isa = PBXShellScriptBuildPhase;
			buildActionMask = 2147483647;
			files = (
			);
			inputPaths = (
			);
			name = "[CP] Copy Pods Resources";
			outputPaths = (
			);
			runOnlyForDeploymentPostprocessing = 0;
			shellPath = /bin/sh;
			shellScript = "\"${SRCROOT}/Pods/Target Support Files/Pods-parkinAppUITests/Pods-parkinAppUITests-resources.sh\"\n";
			showEnvVarsInLog = 0;
		};
		1F5F16E719A58B10F60E67D0 /* [CP] Embed Pods Frameworks */ = {
			isa = PBXShellScriptBuildPhase;
			buildActionMask = 2147483647;
			files = (
			);
			inputPaths = (
			);
			name = "[CP] Embed Pods Frameworks";
			outputPaths = (
			);
			runOnlyForDeploymentPostprocessing = 0;
			shellPath = /bin/sh;
			shellScript = "\"${SRCROOT}/Pods/Target Support Files/Pods-parkinApp/Pods-parkinApp-frameworks.sh\"\n";
			showEnvVarsInLog = 0;
		};
		4F1996F9E48A0718A3618F2F /* [CP] Check Pods Manifest.lock */ = {
			isa = PBXShellScriptBuildPhase;
			buildActionMask = 2147483647;
			files = (
			);
			inputPaths = (
			);
			name = "[CP] Check Pods Manifest.lock";
			outputPaths = (
			);
			runOnlyForDeploymentPostprocessing = 0;
			shellPath = /bin/sh;
			shellScript = "diff \"${PODS_ROOT}/../Podfile.lock\" \"${PODS_ROOT}/Manifest.lock\" > /dev/null\nif [ $? != 0 ] ; then\n    # print error to STDERR\n    echo \"error: The sandbox is not in sync with the Podfile.lock. Run 'pod install' or update your CocoaPods installation.\" >&2\n    exit 1\nfi\n";
			showEnvVarsInLog = 0;
		};
		590C470B711E23E15B8BB713 /* [CP] Embed Pods Frameworks */ = {
			isa = PBXShellScriptBuildPhase;
			buildActionMask = 2147483647;
			files = (
			);
			inputPaths = (
			);
			name = "[CP] Embed Pods Frameworks";
			outputPaths = (
			);
			runOnlyForDeploymentPostprocessing = 0;
			shellPath = /bin/sh;
			shellScript = "\"${SRCROOT}/Pods/Target Support Files/Pods-parkinAppTests/Pods-parkinAppTests-frameworks.sh\"\n";
			showEnvVarsInLog = 0;
		};
		854ADFA6ED46D26A0782B2E5 /* [CP] Copy Pods Resources */ = {
			isa = PBXShellScriptBuildPhase;
			buildActionMask = 2147483647;
			files = (
			);
			inputPaths = (
			);
			name = "[CP] Copy Pods Resources";
			outputPaths = (
			);
			runOnlyForDeploymentPostprocessing = 0;
			shellPath = /bin/sh;
			shellScript = "\"${SRCROOT}/Pods/Target Support Files/Pods-parkinAppTests/Pods-parkinAppTests-resources.sh\"\n";
			showEnvVarsInLog = 0;
		};
		8C229EB762265F83525B8E7D /* [CP] Check Pods Manifest.lock */ = {
			isa = PBXShellScriptBuildPhase;
			buildActionMask = 2147483647;
			files = (
			);
			inputPaths = (
			);
			name = "[CP] Check Pods Manifest.lock";
			outputPaths = (
			);
			runOnlyForDeploymentPostprocessing = 0;
			shellPath = /bin/sh;
			shellScript = "diff \"${PODS_ROOT}/../Podfile.lock\" \"${PODS_ROOT}/Manifest.lock\" > /dev/null\nif [ $? != 0 ] ; then\n    # print error to STDERR\n    echo \"error: The sandbox is not in sync with the Podfile.lock. Run 'pod install' or update your CocoaPods installation.\" >&2\n    exit 1\nfi\n";
			showEnvVarsInLog = 0;
		};
		AF213C9CE8AEB40EDCD3F979 /* [CP] Copy Pods Resources */ = {
			isa = PBXShellScriptBuildPhase;
			buildActionMask = 2147483647;
			files = (
			);
			inputPaths = (
			);
			name = "[CP] Copy Pods Resources";
			outputPaths = (
			);
			runOnlyForDeploymentPostprocessing = 0;
			shellPath = /bin/sh;
			shellScript = "\"${SRCROOT}/Pods/Target Support Files/Pods-parkinApp/Pods-parkinApp-resources.sh\"\n";
			showEnvVarsInLog = 0;
		};
		D7BEA2E9567EC48B61DD6AB9 /* [CP] Embed Pods Frameworks */ = {
			isa = PBXShellScriptBuildPhase;
			buildActionMask = 2147483647;
			files = (
			);
			inputPaths = (
			);
			name = "[CP] Embed Pods Frameworks";
			outputPaths = (
			);
			runOnlyForDeploymentPostprocessing = 0;
			shellPath = /bin/sh;
			shellScript = "\"${SRCROOT}/Pods/Target Support Files/Pods-parkinAppUITests/Pods-parkinAppUITests-frameworks.sh\"\n";
			showEnvVarsInLog = 0;
		};
		E6A4E36D0CA8640F3EAA7A40 /* [CP] Check Pods Manifest.lock */ = {
			isa = PBXShellScriptBuildPhase;
			buildActionMask = 2147483647;
			files = (
			);
			inputPaths = (
			);
			name = "[CP] Check Pods Manifest.lock";
			outputPaths = (
			);
			runOnlyForDeploymentPostprocessing = 0;
			shellPath = /bin/sh;
			shellScript = "diff \"${PODS_ROOT}/../Podfile.lock\" \"${PODS_ROOT}/Manifest.lock\" > /dev/null\nif [ $? != 0 ] ; then\n    # print error to STDERR\n    echo \"error: The sandbox is not in sync with the Podfile.lock. Run 'pod install' or update your CocoaPods installation.\" >&2\n    exit 1\nfi\n";
			showEnvVarsInLog = 0;
		};
/* End PBXShellScriptBuildPhase section */

/* Begin PBXSourcesBuildPhase section */
		E1F27A7D1DDA6FEF002E3C4B /* Sources */ = {
			isa = PBXSourcesBuildPhase;
			buildActionMask = 2147483647;
			files = (
				E1100BAC1DDE847A00B03252 /* HttpClient.swift in Sources */,
				E1F27A871DDA6FEF002E3C4B /* ViewController.swift in Sources */,
				E1B612F31DE2BC7800CFDAC1 /* ViewControllerCalif.swift in Sources */,
				E1100BAE1DDE95BC00B03252 /* Usuario.swift in Sources */,
				E16FCA671DDD54A60043C4F8 /* ViewControllerMapa.swift in Sources */,
				E1F27A851DDA6FEF002E3C4B /* AppDelegate.swift in Sources */,
				E1C5364A1DDF7F9800345900 /* UsuarioDAO.swift in Sources */,
				E16FCA651DDD4F280043C4F8 /* ViewControllerReg.swift in Sources */,
				E1B612F51DE2C56D00CFDAC1 /* ViewControllerTableViewCell.swift in Sources */,
			);
			runOnlyForDeploymentPostprocessing = 0;
		};
		E1F27A911DDA6FEF002E3C4B /* Sources */ = {
			isa = PBXSourcesBuildPhase;
			buildActionMask = 2147483647;
			files = (
				E1F27A9A1DDA6FEF002E3C4B /* parkinAppTests.swift in Sources */,
			);
			runOnlyForDeploymentPostprocessing = 0;
		};
		E1F27A9C1DDA6FEF002E3C4B /* Sources */ = {
			isa = PBXSourcesBuildPhase;
			buildActionMask = 2147483647;
			files = (
				E1F27AA51DDA6FEF002E3C4B /* parkinAppUITests.swift in Sources */,
			);
			runOnlyForDeploymentPostprocessing = 0;
		};
/* End PBXSourcesBuildPhase section */

/* Begin PBXTargetDependency section */
		E1F27A971DDA6FEF002E3C4B /* PBXTargetDependency */ = {
			isa = PBXTargetDependency;
			target = E1F27A801DDA6FEF002E3C4B /* parkinApp */;
			targetProxy = E1F27A961DDA6FEF002E3C4B /* PBXContainerItemProxy */;
		};
		E1F27AA21DDA6FEF002E3C4B /* PBXTargetDependency */ = {
			isa = PBXTargetDependency;
			target = E1F27A801DDA6FEF002E3C4B /* parkinApp */;
			targetProxy = E1F27AA11DDA6FEF002E3C4B /* PBXContainerItemProxy */;
		};
/* End PBXTargetDependency section */

/* Begin PBXVariantGroup section */
		E1F27A881DDA6FEF002E3C4B /* Main.storyboard */ = {
			isa = PBXVariantGroup;
			children = (
				E1F27A891DDA6FEF002E3C4B /* Base */,
			);
			name = Main.storyboard;
			sourceTree = "<group>";
		};
		E1F27A8D1DDA6FEF002E3C4B /* LaunchScreen.storyboard */ = {
			isa = PBXVariantGroup;
			children = (
				E1F27A8E1DDA6FEF002E3C4B /* Base */,
			);
			name = LaunchScreen.storyboard;
			sourceTree = "<group>";
		};
/* End PBXVariantGroup section */

/* Begin XCBuildConfiguration section */
		E1F27AA71DDA6FEF002E3C4B /* Debug */ = {
			isa = XCBuildConfiguration;
			buildSettings = {
				ALWAYS_SEARCH_USER_PATHS = NO;
				CLANG_ANALYZER_NONNULL = YES;
				CLANG_CXX_LANGUAGE_STANDARD = "gnu++0x";
				CLANG_CXX_LIBRARY = "libc++";
				CLANG_ENABLE_MODULES = YES;
				CLANG_ENABLE_OBJC_ARC = YES;
				CLANG_WARN_BOOL_CONVERSION = YES;
				CLANG_WARN_CONSTANT_CONVERSION = YES;
				CLANG_WARN_DIRECT_OBJC_ISA_USAGE = YES_ERROR;
				CLANG_WARN_DOCUMENTATION_COMMENTS = YES;
				CLANG_WARN_EMPTY_BODY = YES;
				CLANG_WARN_ENUM_CONVERSION = YES;
				CLANG_WARN_INFINITE_RECURSION = YES;
				CLANG_WARN_INT_CONVERSION = YES;
				CLANG_WARN_OBJC_ROOT_CLASS = YES_ERROR;
				CLANG_WARN_SUSPICIOUS_MOVES = YES;
				CLANG_WARN_UNREACHABLE_CODE = YES;
				CLANG_WARN__DUPLICATE_METHOD_MATCH = YES;
				"CODE_SIGN_IDENTITY[sdk=iphoneos*]" = "iPhone Developer";
				COPY_PHASE_STRIP = NO;
				DEBUG_INFORMATION_FORMAT = dwarf;
				ENABLE_STRICT_OBJC_MSGSEND = YES;
				ENABLE_TESTABILITY = YES;
				GCC_C_LANGUAGE_STANDARD = gnu99;
				GCC_DYNAMIC_NO_PIC = NO;
				GCC_NO_COMMON_BLOCKS = YES;
				GCC_OPTIMIZATION_LEVEL = 0;
				GCC_PREPROCESSOR_DEFINITIONS = (
					"DEBUG=1",
					"$(inherited)",
				);
				GCC_WARN_64_TO_32_BIT_CONVERSION = YES;
				GCC_WARN_ABOUT_RETURN_TYPE = YES_ERROR;
				GCC_WARN_UNDECLARED_SELECTOR = YES;
				GCC_WARN_UNINITIALIZED_AUTOS = YES_AGGRESSIVE;
				GCC_WARN_UNUSED_FUNCTION = YES;
				GCC_WARN_UNUSED_VARIABLE = YES;
				IPHONEOS_DEPLOYMENT_TARGET = 10.1;
				MTL_ENABLE_DEBUG_INFO = YES;
				ONLY_ACTIVE_ARCH = YES;
				SDKROOT = iphoneos;
				SWIFT_ACTIVE_COMPILATION_CONDITIONS = DEBUG;
				SWIFT_OPTIMIZATION_LEVEL = "-Onone";
				TARGETED_DEVICE_FAMILY = "1,2";
			};
			name = Debug;
		};
		E1F27AA81DDA6FEF002E3C4B /* Release */ = {
			isa = XCBuildConfiguration;
			buildSettings = {
				ALWAYS_SEARCH_USER_PATHS = NO;
				CLANG_ANALYZER_NONNULL = YES;
				CLANG_CXX_LANGUAGE_STANDARD = "gnu++0x";
				CLANG_CXX_LIBRARY = "libc++";
				CLANG_ENABLE_MODULES = YES;
				CLANG_ENABLE_OBJC_ARC = YES;
				CLANG_WARN_BOOL_CONVERSION = YES;
				CLANG_WARN_CONSTANT_CONVERSION = YES;
				CLANG_WARN_DIRECT_OBJC_ISA_USAGE = YES_ERROR;
				CLANG_WARN_DOCUMENTATION_COMMENTS = YES;
				CLANG_WARN_EMPTY_BODY = YES;
				CLANG_WARN_ENUM_CONVERSION = YES;
				CLANG_WARN_INFINITE_RECURSION = YES;
				CLANG_WARN_INT_CONVERSION = YES;
				CLANG_WARN_OBJC_ROOT_CLASS = YES_ERROR;
				CLANG_WARN_SUSPICIOUS_MOVES = YES;
				CLANG_WARN_UNREACHABLE_CODE = YES;
				CLANG_WARN__DUPLICATE_METHOD_MATCH = YES;
				"CODE_SIGN_IDENTITY[sdk=iphoneos*]" = "iPhone Developer";
				COPY_PHASE_STRIP = NO;
				DEBUG_INFORMATION_FORMAT = "dwarf-with-dsym";
				ENABLE_NS_ASSERTIONS = NO;
				ENABLE_STRICT_OBJC_MSGSEND = YES;
				GCC_C_LANGUAGE_STANDARD = gnu99;
				GCC_NO_COMMON_BLOCKS = YES;
				GCC_WARN_64_TO_32_BIT_CONVERSION = YES;
				GCC_WARN_ABOUT_RETURN_TYPE = YES_ERROR;
				GCC_WARN_UNDECLARED_SELECTOR = YES;
				GCC_WARN_UNINITIALIZED_AUTOS = YES_AGGRESSIVE;
				GCC_WARN_UNUSED_FUNCTION = YES;
				GCC_WARN_UNUSED_VARIABLE = YES;
				IPHONEOS_DEPLOYMENT_TARGET = 10.1;
				MTL_ENABLE_DEBUG_INFO = NO;
				SDKROOT = iphoneos;
				SWIFT_OPTIMIZATION_LEVEL = "-Owholemodule";
				TARGETED_DEVICE_FAMILY = "1,2";
				VALIDATE_PRODUCT = YES;
			};
			name = Release;
		};
		E1F27AAA1DDA6FEF002E3C4B /* Debug */ = {
			isa = XCBuildConfiguration;
			baseConfigurationReference = D38214D227DBBAA20F8110D0 /* Pods-parkinApp.debug.xcconfig */;
			buildSettings = {
				ASSETCATALOG_COMPILER_APPICON_NAME = AppIcon;
				FRAMEWORK_SEARCH_PATHS = (
					"$(inherited)",
					"$(PROJECT_DIR)/SQLite.swift/build/Debug-iphoneos",
				);
				INFOPLIST_FILE = parkinApp/Info.plist;
				LD_RUNPATH_SEARCH_PATHS = "$(inherited) @executable_path/Frameworks";
				PRODUCT_BUNDLE_IDENTIFIER = "movil-unicauca.parkinApp";
				PRODUCT_NAME = "$(TARGET_NAME)";
				SWIFT_VERSION = 3.0;
			};
			name = Debug;
		};
		E1F27AAB1DDA6FEF002E3C4B /* Release */ = {
			isa = XCBuildConfiguration;
			baseConfigurationReference = 69561B4AC42A0045B6E6E90C /* Pods-parkinApp.release.xcconfig */;
			buildSettings = {
				ASSETCATALOG_COMPILER_APPICON_NAME = AppIcon;
				FRAMEWORK_SEARCH_PATHS = (
					"$(inherited)",
					"$(PROJECT_DIR)/SQLite.swift/build/Debug-iphoneos",
				);
				INFOPLIST_FILE = parkinApp/Info.plist;
				LD_RUNPATH_SEARCH_PATHS = "$(inherited) @executable_path/Frameworks";
				PRODUCT_BUNDLE_IDENTIFIER = "movil-unicauca.parkinApp";
				PRODUCT_NAME = "$(TARGET_NAME)";
				SWIFT_VERSION = 3.0;
			};
			name = Release;
		};
		E1F27AAD1DDA6FEF002E3C4B /* Debug */ = {
			isa = XCBuildConfiguration;
			baseConfigurationReference = 2A2BBA9DB9230BC2A5018BAC /* Pods-parkinAppTests.debug.xcconfig */;
			buildSettings = {
				ALWAYS_EMBED_SWIFT_STANDARD_LIBRARIES = YES;
				BUNDLE_LOADER = "$(TEST_HOST)";
				INFOPLIST_FILE = parkinAppTests/Info.plist;
				LD_RUNPATH_SEARCH_PATHS = "$(inherited) @executable_path/Frameworks @loader_path/Frameworks";
				PRODUCT_BUNDLE_IDENTIFIER = "movil-unicauca.parkinAppTests";
				PRODUCT_NAME = "$(TARGET_NAME)";
				SWIFT_VERSION = 3.0;
				TEST_HOST = "$(BUILT_PRODUCTS_DIR)/parkinApp.app/parkinApp";
			};
			name = Debug;
		};
		E1F27AAE1DDA6FEF002E3C4B /* Release */ = {
			isa = XCBuildConfiguration;
			baseConfigurationReference = 86E6FE005D476CCB94266803 /* Pods-parkinAppTests.release.xcconfig */;
			buildSettings = {
				ALWAYS_EMBED_SWIFT_STANDARD_LIBRARIES = YES;
				BUNDLE_LOADER = "$(TEST_HOST)";
				INFOPLIST_FILE = parkinAppTests/Info.plist;
				LD_RUNPATH_SEARCH_PATHS = "$(inherited) @executable_path/Frameworks @loader_path/Frameworks";
				PRODUCT_BUNDLE_IDENTIFIER = "movil-unicauca.parkinAppTests";
				PRODUCT_NAME = "$(TARGET_NAME)";
				SWIFT_VERSION = 3.0;
				TEST_HOST = "$(BUILT_PRODUCTS_DIR)/parkinApp.app/parkinApp";
			};
			name = Release;
		};
		E1F27AB01DDA6FEF002E3C4B /* Debug */ = {
			isa = XCBuildConfiguration;
			baseConfigurationReference = 32B7D3E0D6DEC11C697596B5 /* Pods-parkinAppUITests.debug.xcconfig */;
			buildSettings = {
				ALWAYS_EMBED_SWIFT_STANDARD_LIBRARIES = YES;
				INFOPLIST_FILE = parkinAppUITests/Info.plist;
				LD_RUNPATH_SEARCH_PATHS = "$(inherited) @executable_path/Frameworks @loader_path/Frameworks";
				PRODUCT_BUNDLE_IDENTIFIER = "movil-unicauca.parkinAppUITests";
				PRODUCT_NAME = "$(TARGET_NAME)";
				SWIFT_VERSION = 3.0;
				TEST_TARGET_NAME = parkinApp;
			};
			name = Debug;
		};
		E1F27AB11DDA6FEF002E3C4B /* Release */ = {
			isa = XCBuildConfiguration;
			baseConfigurationReference = EFF25A01B552234F03C22D2C /* Pods-parkinAppUITests.release.xcconfig */;
			buildSettings = {
				ALWAYS_EMBED_SWIFT_STANDARD_LIBRARIES = YES;
				INFOPLIST_FILE = parkinAppUITests/Info.plist;
				LD_RUNPATH_SEARCH_PATHS = "$(inherited) @executable_path/Frameworks @loader_path/Frameworks";
				PRODUCT_BUNDLE_IDENTIFIER = "movil-unicauca.parkinAppUITests";
				PRODUCT_NAME = "$(TARGET_NAME)";
				SWIFT_VERSION = 3.0;
				TEST_TARGET_NAME = parkinApp;
			};
			name = Release;
		};
/* End XCBuildConfiguration section */

/* Begin XCConfigurationList section */
		E1F27A7C1DDA6FEF002E3C4B /* Build configuration list for PBXProject "parkinApp" */ = {
			isa = XCConfigurationList;
			buildConfigurations = (
				E1F27AA71DDA6FEF002E3C4B /* Debug */,
				E1F27AA81DDA6FEF002E3C4B /* Release */,
			);
			defaultConfigurationIsVisible = 0;
			defaultConfigurationName = Release;
		};
		E1F27AA91DDA6FEF002E3C4B /* Build configuration list for PBXNativeTarget "parkinApp" */ = {
			isa = XCConfigurationList;
			buildConfigurations = (
				E1F27AAA1DDA6FEF002E3C4B /* Debug */,
				E1F27AAB1DDA6FEF002E3C4B /* Release */,
			);
			defaultConfigurationIsVisible = 0;
			defaultConfigurationName = Release;
		};
		E1F27AAC1DDA6FEF002E3C4B /* Build configuration list for PBXNativeTarget "parkinAppTests" */ = {
			isa = XCConfigurationList;
			buildConfigurations = (
				E1F27AAD1DDA6FEF002E3C4B /* Debug */,
				E1F27AAE1DDA6FEF002E3C4B /* Release */,
			);
			defaultConfigurationIsVisible = 0;
			defaultConfigurationName = Release;
		};
		E1F27AAF1DDA6FEF002E3C4B /* Build configuration list for PBXNativeTarget "parkinAppUITests" */ = {
			isa = XCConfigurationList;
			buildConfigurations = (
				E1F27AB01DDA6FEF002E3C4B /* Debug */,
				E1F27AB11DDA6FEF002E3C4B /* Release */,
			);
			defaultConfigurationIsVisible = 0;
			defaultConfigurationName = Release;
		};
/* End XCConfigurationList section */
	};
	rootObject = E1F27A791DDA6FEF002E3C4B /* Project object */;
}
